{
  "name": "llm-cost-attribution-recipes",
  "version": "0.1.0",
  "lockfileVersion": 3,
  "requires": true,
  "packages": {
    "": {
      "name": "llm-cost-attribution-recipes",
      "version": "0.1.0",
      "license": "MIT",
      "bin": {
        "llm-cost-attribution": "scripts/attribute.js"
      }
    }
  }
}
